
Microsoft Visual Studio Solution File, Format Version 12.00
# Visual Studio Version 17
VisualStudioVersion = 17.7.34031.279
MinimumVisualStudioVersion = 10.0.40219.1
Project("{FAE04EC0-301F-11D3-BF4B-00C04F79EFBC}") = "HotelManagment.Server", "Server\HotelManagment.Server.csproj", "{06F381E8-0F8C-4D6D-8464-B72F37553D53}"
EndProject
Project("{FAE04EC0-301F-11D3-BF4B-00C04F79EFBC}") = "HotelManagment.Client", "Client\HotelManagment.Client.csproj", "{F2022799-2B12-4257-A00F-87371B7F367A}"
EndProject
Project("{FAE04EC0-301F-11D3-BF4B-00C04F79EFBC}") = "HotelManagment.Shared", "Shared\HotelManagment.Shared.csproj", "{E17A5798-59F7-45B2-AC9E-816E13870FC2}"
EndProject
Global
	GlobalSection(SolutionConfigurationPlatforms) = preSolution
		Debug|Any CPU = Debug|Any CPU
		Release|Any CPU = Release|Any CPU
	EndGlobalSection
	GlobalSection(ProjectConfigurationPlatforms) = postSolution
		{06F381E8-0F8C-4D6D-8464-B72F37553D53}.Debug|Any CPU.ActiveCfg = Debug|Any CPU
		{06F381E8-0F8C-4D6D-8464-B72F37553D53}.Debug|Any CPU.Build.0 = Debug|Any CPU
		{06F381E8-0F8C-4D6D-8464-B72F37553D53}.Release|Any CPU.ActiveCfg = Release|Any CPU
		{06F381E8-0F8C-4D6D-8464-B72F37553D53}.Release|Any CPU.Build.0 = Release|Any CPU
		{F2022799-2B12-4257-A00F-87371B7F367A}.Debug|Any CPU.ActiveCfg = Debug|Any CPU
		{F2022799-2B12-4257-A00F-87371B7F367A}.Debug|Any CPU.Build.0 = Debug|Any CPU
		{F2022799-2B12-4257-A00F-87371B7F367A}.Release|Any CPU.ActiveCfg = Release|Any CPU
		{F2022799-2B12-4257-A00F-87371B7F367A}.Release|Any CPU.Build.0 = Release|Any CPU
		{E17A5798-59F7-45B2-AC9E-816E13870FC2}.Debug|Any CPU.ActiveCfg = Debug|Any CPU
		{E17A5798-59F7-45B2-AC9E-816E13870FC2}.Debug|Any CPU.Build.0 = Debug|Any CPU
		{E17A5798-59F7-45B2-AC9E-816E13870FC2}.Release|Any CPU.ActiveCfg = Release|Any CPU
		{E17A5798-59F7-45B2-AC9E-816E13870FC2}.Release|Any CPU.Build.0 = Release|Any CPU
	EndGlobalSection
	GlobalSection(SolutionProperties) = preSolution
		HideSolutionNode = FALSE
	EndGlobalSection
	GlobalSection(ExtensibilityGlobals) = postSolution
		SolutionGuid = {93BA0BDA-574E-4BB0-A6B8-BE7DAB6E53A9}
	EndGlobalSection
EndGlobal
